<?xml version="1.0" encoding="utf-8"?>
<Project ToolsVersion="4.0" xmlns="http://schemas.microsoft.com/developer/msbuild/2003">
  <ItemGroup>
    <ClCompile Include="Audio.cpp" />
    <ClCompile Include="Enemy.cpp" />
    <ClCompile Include="Game.cpp" />
    <ClCompile Include="Globals.cpp" />
    <ClCompile Include="Input.cpp" />
    <ClCompile Include="Level.cpp" />
    <ClCompile Include="Main.cpp" />
    <ClCompile Include="Player.cpp" />
    <ClCompile Include="Render.cpp" />
    <ClCompile Include="Shooting.cpp" />
    <ClCompile Include="TextureManager.cpp" />
    <ClCompile Include="Window.cpp" />
    <ClCompile Include="Menu.cpp" />
  </ItemGroup>
  <ItemGroup>
    <ClInclude Include="Animation.h" />
    <ClInclude Include="Audio.h" />
    <ClInclude Include="Enemy.h" />
    <ClInclude Include="Game.h" />
    <ClInclude Include="Globals.h" />
    <ClInclude Include="Input.h" />
    <ClInclude Include="Level.h" />
    <ClInclude Include="Module.h" />
    <ClInclude Include="Player.h" />
    <ClInclude Include="PointOperations.h" />
    <ClInclude Include="Render.h" />
    <ClInclude Include="Shooting.h" />
    <ClInclude Include="TextureManager.h" />
    <ClInclude Include="Window.h" />
    <ClInclude Include="Menu.h" />
  </ItemGroup>
</Project>